
Microsoft Visual Studio Solution File, Format Version 12.00
# Visual Studio Version 17
VisualStudioVersion = 17.14.36930.0
MinimumVisualStudioVersion = 10.0.40219.1
Project("{FAE04EC0-301F-11D3-BF4B-00C04F79EFBC}") = "TestLib", "TestLib\TestLib.csproj", "{7ECA8E0C-916B-4984-B6AF-365CFDC12A02}"
EndProject
Project("{888888A0-9F3D-457C-B088-3A5042F75D52}") = "PythonAPI", "PythonAPI\PythonAPI.pyproj", "{2D26855A-CDBE-4BD6-B793-8B466A9813BD}"
EndProject
Global
	GlobalSection(SolutionConfigurationPlatforms) = preSolution
		Debug|Any CPU = Debug|Any CPU
		Debug|x64 = Debug|x64
		Release|Any CPU = Release|Any CPU
		Release|x64 = Release|x64
	EndGlobalSection
	GlobalSection(ProjectConfigurationPlatforms) = postSolution
		{7ECA8E0C-916B-4984-B6AF-365CFDC12A02}.Debug|Any CPU.ActiveCfg = Debug|Any CPU
		{7ECA8E0C-916B-4984-B6AF-365CFDC12A02}.Debug|Any CPU.Build.0 = Debug|Any CPU
		{7ECA8E0C-916B-4984-B6AF-365CFDC12A02}.Debug|x64.ActiveCfg = Debug|x64
		{7ECA8E0C-916B-4984-B6AF-365CFDC12A02}.Debug|x64.Build.0 = Debug|x64
		{7ECA8E0C-916B-4984-B6AF-365CFDC12A02}.Release|Any CPU.ActiveCfg = Release|Any CPU
		{7ECA8E0C-916B-4984-B6AF-365CFDC12A02}.Release|Any CPU.Build.0 = Release|Any CPU
		{7ECA8E0C-916B-4984-B6AF-365CFDC12A02}.Release|x64.ActiveCfg = Release|x64
		{7ECA8E0C-916B-4984-B6AF-365CFDC12A02}.Release|x64.Build.0 = Release|x64
		{2D26855A-CDBE-4BD6-B793-8B466A9813BD}.Debug|Any CPU.ActiveCfg = Debug|Any CPU
		{2D26855A-CDBE-4BD6-B793-8B466A9813BD}.Debug|x64.ActiveCfg = Debug|Any CPU
		{2D26855A-CDBE-4BD6-B793-8B466A9813BD}.Release|Any CPU.ActiveCfg = Release|Any CPU
		{2D26855A-CDBE-4BD6-B793-8B466A9813BD}.Release|x64.ActiveCfg = Release|Any CPU
	EndGlobalSection
	GlobalSection(SolutionProperties) = preSolution
		HideSolutionNode = FALSE
	EndGlobalSection
	GlobalSection(ExtensibilityGlobals) = postSolution
		SolutionGuid = {90DABC08-33A0-49D0-A74F-9225314591E0}
	EndGlobalSection
EndGlobal
